
Microsoft Visual Studio Solution File, Format Version 12.00
# Visual Studio Version 17
VisualStudioVersion = 17.5.33516.290
MinimumVisualStudioVersion = 10.0.40219.1
Project("{FAE04EC0-301F-11D3-BF4B-00C04F79EFBC}") = "RazorPagesUI", "RazorPagesUI\RazorPagesUI.csproj", "{09962C6A-6E69-45C9-872E-BBA225AAA53C}"
EndProject
Global
	GlobalSection(SolutionConfigurationPlatforms) = preSolution
		Debug|Any CPU = Debug|Any CPU
		Release|Any CPU = Release|Any CPU
	EndGlobalSection
	GlobalSection(ProjectConfigurationPlatforms) = postSolution
		{09962C6A-6E69-45C9-872E-BBA225AAA53C}.Debug|Any CPU.ActiveCfg = Debug|Any CPU
		{09962C6A-6E69-45C9-872E-BBA225AAA53C}.Debug|Any CPU.Build.0 = Debug|Any CPU
		{09962C6A-6E69-45C9-872E-BBA225AAA53C}.Release|Any CPU.ActiveCfg = Release|Any CPU
		{09962C6A-6E69-45C9-872E-BBA225AAA53C}.Release|Any CPU.Build.0 = Release|Any CPU
	EndGlobalSection
	GlobalSection(SolutionProperties) = preSolution
		HideSolutionNode = FALSE
	EndGlobalSection
	GlobalSection(ExtensibilityGlobals) = postSolution
		SolutionGuid = {F1BB4C52-B09E-4182-B564-293E4DA403D0}
	EndGlobalSection
EndGlobal
